{
  "name": "dcdc",
  "version": "1.0.0",
  "lockfileVersion": 1,
  "requires": true,
  "dependencies": {
    "pick-random": {
      "version": "2.0.0",
      "resolved": "https://registry.npm.taobao.org/pick-random/download/pick-random-2.0.0.tgz",
      "integrity": "sha1-NuptO86O5Qawxiy3t9OeBcKD2po="
    }
  }
}
